PODS:
  - Alamofire (5.0.0-rc.2)
  - AlamofireObjectMapper (6.2.0):
    - Alamofire (= 5.0.0-rc.2)
    - ObjectMapper (~> 3.5.1)
  - ObjectMapper (3.5.2)
  - RxSwift (5.1.1)
  - SVProgressHUD (2.2.5)

DEPENDENCIES:
  - AlamofireObjectMapper
  - RxSwift
  - SVProgressHUD

SPEC REPOS:
  trunk:
    - Alamofire
    - AlamofireObjectMapper
    - ObjectMapper
    - RxSwift
    - SVProgressHUD

SPEC CHECKSUMS:
  Alamofire: f9450d3c7f6bea2ad62e7a541c3e9b186c7991d6
  AlamofireObjectMapper: 74d1440c92c42bbcc2b5f4dc81654ac095ec669f
  ObjectMapper: b53ae947d370bf89423e86be7d4e2d2b2a8d3f40
  RxSwift: 81470a2074fa8780320ea5fe4102807cb7118178
  SVProgressHUD: 1428aafac632c1f86f62aa4243ec12008d7a51d6

PODFILE CHECKSUM: 546b23602a3adc4a24265ba33800f7aee9573dde

COCOAPODS: 1.9.1
